// !$*UTF8*$!
{
	archiveVersion = 1;
	classes = {
	};
	objectVersion = 48;
	objects = {

/* Begin PBXBuildFile section */
		2C1569352099B2C5006E2140 /* PickRecipientTableViewController.m in Sources */ = {isa = PBXBuildFile; fileRef = 2C1569342099B2C5006E2140 /* PickRecipientTableViewController.m */; };
		2C8815F120921A1500EFEE48 /* LoginViewController.m in Sources */ = {isa = PBXBuildFile; fileRef = 2C8815F020921A1500EFEE48 /* LoginViewController.m */; };
		2C8815F42097300200EFEE48 /* VerifySessionViewController.m in Sources */ = {isa = PBXBuildFile; fileRef = 2C8815F32097300200EFEE48 /* VerifySessionViewController.m */; };
		2C8815F72097E44400EFEE48 /* HomeTableViewController.m in Sources */ = {isa = PBXBuildFile; fileRef = 2C8815F62097E44400EFEE48 /* HomeTableViewController.m */; };
		2C8815FA2097E48200EFEE48 /* NewSnapViewController.m in Sources */ = {isa = PBXBuildFile; fileRef = 2C8815F92097E48200EFEE48 /* NewSnapViewController.m */; };
		2C9F0A9E208D653300DD7F3C /* AppDelegate.m in Sources */ = {isa = PBXBuildFile; fileRef = 2C9F0A9D208D653300DD7F3C /* AppDelegate.m */; };
		2C9F0AA4208D653300DD7F3C /* Main.storyboard in Resources */ = {isa = PBXBuildFile; fileRef = 2C9F0AA2208D653300DD7F3C /* Main.storyboard */; };
		2C9F0AA6208D653300DD7F3C /* Assets.xcassets in Resources */ = {isa = PBXBuildFile; fileRef = 2C9F0AA5208D653300DD7F3C /* Assets.xcassets */; };
		2C9F0AA9208D653300DD7F3C /* LaunchScreen.storyboard in Resources */ = {isa = PBXBuildFile; fileRef = 2C9F0AA7208D653300DD7F3C /* LaunchScreen.storyboard */; };
		2C9F0AAC208D653300DD7F3C /* main.m in Sources */ = {isa = PBXBuildFile; fileRef = 2C9F0AAB208D653300DD7F3C /* main.m */; };
		2C9F0AB4208D659000DD7F3C /* SplashViewController.m in Sources */ = {isa = PBXBuildFile; fileRef = 2C9F0AB3208D659000DD7F3C /* SplashViewController.m */; };
		2CB091B22091C09700E2CFE6 /* GoogleService-Info.plist in Resources */ = {isa = PBXBuildFile; fileRef = 2CB091B12091C09700E2CFE6 /* GoogleService-Info.plist */; };
		2CE00BF9208EA57600EC84E1 /* SignupViewController.m in Sources */ = {isa = PBXBuildFile; fileRef = 2CE00BF8208EA57600EC84E1 /* SignupViewController.m */; };
		C9077E768FF4A8D6E31DDA3B /* libPods-QuSnap.a in Frameworks */ = {isa = PBXBuildFile; fileRef = 8C4EFAA84163603FA9177B2C /* libPods-QuSnap.a */; };
/* End PBXBuildFile section */

/* Begin PBXFileReference section */
		2C1569332099B2C5006E2140 /* PickRecipientTableViewController.h */ = {isa = PBXFileReference; lastKnownFileType = sourcecode.c.h; path = PickRecipientTableViewController.h; sourceTree = "<group>"; };
		2C1569342099B2C5006E2140 /* PickRecipientTableViewController.m */ = {isa = PBXFileReference; lastKnownFileType = sourcecode.c.objc; path = PickRecipientTableViewController.m; sourceTree = "<group>"; };
		2C8815EF20921A1500EFEE48 /* LoginViewController.h */ = {isa = PBXFileReference; lastKnownFileType = sourcecode.c.h; path = LoginViewController.h; sourceTree = "<group>"; };
		2C8815F020921A1500EFEE48 /* LoginViewController.m */ = {isa = PBXFileReference; lastKnownFileType = sourcecode.c.objc; path = LoginViewController.m; sourceTree = "<group>"; };
		2C8815F22097300200EFEE48 /* VerifySessionViewController.h */ = {isa = PBXFileReference; lastKnownFileType = sourcecode.c.h; path = VerifySessionViewController.h; sourceTree = "<group>"; };
		2C8815F32097300200EFEE48 /* VerifySessionViewController.m */ = {isa = PBXFileReference; lastKnownFileType = sourcecode.c.objc; path = VerifySessionViewController.m; sourceTree = "<group>"; };
		2C8815F52097E44400EFEE48 /* HomeTableViewController.h */ = {isa = PBXFileReference; lastKnownFileType = sourcecode.c.h; path = HomeTableViewController.h; sourceTree = "<group>"; };
		2C8815F62097E44400EFEE48 /* HomeTableViewController.m */ = {isa = PBXFileReference; lastKnownFileType = sourcecode.c.objc; path = HomeTableViewController.m; sourceTree = "<group>"; };
		2C8815F82097E48200EFEE48 /* NewSnapViewController.h */ = {isa = PBXFileReference; lastKnownFileType = sourcecode.c.h; path = NewSnapViewController.h; sourceTree = "<group>"; };
		2C8815F92097E48200EFEE48 /* NewSnapViewController.m */ = {isa = PBXFileReference; lastKnownFileType = sourcecode.c.objc; path = NewSnapViewController.m; sourceTree = "<group>"; };
		2C9F0A99208D653300DD7F3C /* QuSnap.app */ = {isa = PBXFileReference; explicitFileType = wrapper.application; includeInIndex = 0; path = QuSnap.app; sourceTree = BUILT_PRODUCTS_DIR; };
		2C9F0A9C208D653300DD7F3C /* AppDelegate.h */ = {isa = PBXFileReference; lastKnownFileType = sourcecode.c.h; path = AppDelegate.h; sourceTree = "<group>"; };
		2C9F0A9D208D653300DD7F3C /* AppDelegate.m */ = {isa = PBXFileReference; lastKnownFileType = sourcecode.c.objc; path = AppDelegate.m; sourceTree = "<group>"; };
		2C9F0AA3208D653300DD7F3C /* Base */ = {isa = PBXFileReference; lastKnownFileType = file.storyboard; name = Base; path = Base.lproj/Main.storyboard; sourceTree = "<group>"; };
		2C9F0AA5208D653300DD7F3C /* Assets.xcassets */ = {isa = PBXFileReference; lastKnownFileType = folder.assetcatalog; path = Assets.xcassets; sourceTree = "<group>"; };
		2C9F0AA8208D653300DD7F3C /* Base */ = {isa = PBXFileReference; lastKnownFileType = file.storyboard; name = Base; path = Base.lproj/LaunchScreen.storyboard; sourceTree = "<group>"; };
		2C9F0AAA208D653300DD7F3C /* Info.plist */ = {isa = PBXFileReference; lastKnownFileType = text.plist.xml; path = Info.plist; sourceTree = "<group>"; };
		2C9F0AAB208D653300DD7F3C /* main.m */ = {isa = PBXFileReference; lastKnownFileType = sourcecode.c.objc; path = main.m; sourceTree = "<group>"; };
		2C9F0AB2208D659000DD7F3C /* SplashViewController.h */ = {isa = PBXFileReference; lastKnownFileType = sourcecode.c.h; path = SplashViewController.h; sourceTree = "<group>"; };
		2C9F0AB3208D659000DD7F3C /* SplashViewController.m */ = {isa = PBXFileReference; lastKnownFileType = sourcecode.c.objc; path = SplashViewController.m; sourceTree = "<group>"; };
		2CB091B12091C09700E2CFE6 /* GoogleService-Info.plist */ = {isa = PBXFileReference; fileEncoding = 4; lastKnownFileType = text.plist.xml; path = "GoogleService-Info.plist"; sourceTree = "<group>"; };
		2CE00BF7208EA57600EC84E1 /* SignupViewController.h */ = {isa = PBXFileReference; lastKnownFileType = sourcecode.c.h; path = SignupViewController.h; sourceTree = "<group>"; };
		2CE00BF8208EA57600EC84E1 /* SignupViewController.m */ = {isa = PBXFileReference; lastKnownFileType = sourcecode.c.objc; path = SignupViewController.m; sourceTree = "<group>"; };
		5BFE0B54373FEBAAF8529965 /* Pods-QuSnap.release.xcconfig */ = {isa = PBXFileReference; includeInIndex = 1; lastKnownFileType = text.xcconfig; name = "Pods-QuSnap.release.xcconfig"; path = "Pods/Target Support Files/Pods-QuSnap/Pods-QuSnap.release.xcconfig"; sourceTree = "<group>"; };
		810A48FC4437C7BD27A195CF /* Pods-QuSnap.debug.xcconfig */ = {isa = PBXFileReference; includeInIndex = 1; lastKnownFileType = text.xcconfig; name = "Pods-QuSnap.debug.xcconfig"; path = "Pods/Target Support Files/Pods-QuSnap/Pods-QuSnap.debug.xcconfig"; sourceTree = "<group>"; };
		8C4EFAA84163603FA9177B2C /* libPods-QuSnap.a */ = {isa = PBXFileReference; explicitFileType = archive.ar; includeInIndex = 0; path = "libPods-QuSnap.a"; sourceTree = BUILT_PRODUCTS_DIR; };
/* End PBXFileReference section */

/* Begin PBXFrameworksBuildPhase section */
		2C9F0A96208D653300DD7F3C /* Frameworks */ = {
			isa = PBXFrameworksBuildPhase;
			buildActionMask = 2147483647;
			files = (
				C9077E768FF4A8D6E31DDA3B /* libPods-QuSnap.a in Frameworks */,
			);
			runOnlyForDeploymentPostprocessing = 0;
		};
/* End PBXFrameworksBuildPhase section */

/* Begin PBXGroup section */
		07BA8CD83FA11DC02EE47335 /* Frameworks */ = {
			isa = PBXGroup;
			children = (
				8C4EFAA84163603FA9177B2C /* libPods-QuSnap.a */,
			);
			name = Frameworks;
			sourceTree = "<group>";
		};
		2C9F0A90208D653300DD7F3C = {
			isa = PBXGroup;
			children = (
				2C9F0A9B208D653300DD7F3C /* QuSnap */,
				2C9F0A9A208D653300DD7F3C /* Products */,
				A5CC8922E9AF759143A1C4CE /* Pods */,
				07BA8CD83FA11DC02EE47335 /* Frameworks */,
			);
			sourceTree = "<group>";
		};
		2C9F0A9A208D653300DD7F3C /* Products */ = {
			isa = PBXGroup;
			children = (
				2C9F0A99208D653300DD7F3C /* QuSnap.app */,
			);
			name = Products;
			sourceTree = "<group>";
		};
		2C9F0A9B208D653300DD7F3C /* QuSnap */ = {
			isa = PBXGroup;
			children = (
				2CB091B12091C09700E2CFE6 /* GoogleService-Info.plist */,
				2C9F0A9C208D653300DD7F3C /* AppDelegate.h */,
				2C9F0A9D208D653300DD7F3C /* AppDelegate.m */,
				2C9F0AA2208D653300DD7F3C /* Main.storyboard */,
				2C9F0AA5208D653300DD7F3C /* Assets.xcassets */,
				2C9F0AA7208D653300DD7F3C /* LaunchScreen.storyboard */,
				2C9F0AAA208D653300DD7F3C /* Info.plist */,
				2C9F0AAB208D653300DD7F3C /* main.m */,
				2C9F0AB2208D659000DD7F3C /* SplashViewController.h */,
				2C9F0AB3208D659000DD7F3C /* SplashViewController.m */,
				2CE00BF7208EA57600EC84E1 /* SignupViewController.h */,
				2CE00BF8208EA57600EC84E1 /* SignupViewController.m */,
				2C8815EF20921A1500EFEE48 /* LoginViewController.h */,
				2C8815F020921A1500EFEE48 /* LoginViewController.m */,
				2C8815F22097300200EFEE48 /* VerifySessionViewController.h */,
				2C8815F32097300200EFEE48 /* VerifySessionViewController.m */,
				2C8815F52097E44400EFEE48 /* HomeTableViewController.h */,
				2C8815F62097E44400EFEE48 /* HomeTableViewController.m */,
				2C8815F82097E48200EFEE48 /* NewSnapViewController.h */,
				2C8815F92097E48200EFEE48 /* NewSnapViewController.m */,
				2C1569332099B2C5006E2140 /* PickRecipientTableViewController.h */,
				2C1569342099B2C5006E2140 /* PickRecipientTableViewController.m */,
			);
			path = QuSnap;
			sourceTree = "<group>";
		};
		A5CC8922E9AF759143A1C4CE /* Pods */ = {
			isa = PBXGroup;
			children = (
				810A48FC4437C7BD27A195CF /* Pods-QuSnap.debug.xcconfig */,
				5BFE0B54373FEBAAF8529965 /* Pods-QuSnap.release.xcconfig */,
			);
			name = Pods;
			sourceTree = "<group>";
		};
/* End PBXGroup section */

/* Begin PBXNativeTarget section */
		2C9F0A98208D653300DD7F3C /* QuSnap */ = {
			isa = PBXNativeTarget;
			buildConfigurationList = 2C9F0AAF208D653300DD7F3C /* Build configuration list for PBXNativeTarget "QuSnap" */;
			buildPhases = (
				B4F17CDE292747FA5F636CEF /* [CP] Check Pods Manifest.lock */,
				2C9F0A95208D653300DD7F3C /* Sources */,
				2C9F0A96208D653300DD7F3C /* Frameworks */,
				2C9F0A97208D653300DD7F3C /* Resources */,
			);
			buildRules = (
			);
			dependencies = (
			);
			name = QuSnap;
			productName = QuSnap;
			productReference = 2C9F0A99208D653300DD7F3C /* QuSnap.app */;
			productType = "com.apple.product-type.application";
		};
/* End PBXNativeTarget section */

/* Begin PBXProject section */
		2C9F0A91208D653300DD7F3C /* Project object */ = {
			isa = PBXProject;
			attributes = {
				LastUpgradeCheck = 0920;
				ORGANIZATIONNAME = "Hugo Santos";
				TargetAttributes = {
					2C9F0A98208D653300DD7F3C = {
						CreatedOnToolsVersion = 9.2;
						ProvisioningStyle = Automatic;
					};
				};
			};
			buildConfigurationList = 2C9F0A94208D653300DD7F3C /* Build configuration list for PBXProject "QuSnap" */;
			compatibilityVersion = "Xcode 8.0";
			developmentRegion = en;
			hasScannedForEncodings = 0;
			knownRegions = (
				en,
				Base,
			);
			mainGroup = 2C9F0A90208D653300DD7F3C;
			productRefGroup = 2C9F0A9A208D653300DD7F3C /* Products */;
			projectDirPath = "";
			projectRoot = "";
			targets = (
				2C9F0A98208D653300DD7F3C /* QuSnap */,
			);
		};
/* End PBXProject section */

/* Begin PBXResourcesBuildPhase section */
		2C9F0A97208D653300DD7F3C /* Resources */ = {
			isa = PBXResourcesBuildPhase;
			buildActionMask = 2147483647;
			files = (
				2C9F0AA9208D653300DD7F3C /* LaunchScreen.storyboard in Resources */,
				2CB091B22091C09700E2CFE6 /* GoogleService-Info.plist in Resources */,
				2C9F0AA6208D653300DD7F3C /* Assets.xcassets in Resources */,
				2C9F0AA4208D653300DD7F3C /* Main.storyboard in Resources */,
			);
			runOnlyForDeploymentPostprocessing = 0;
		};
/* End PBXResourcesBuildPhase section */

/* Begin PBXShellScriptBuildPhase section */
		B4F17CDE292747FA5F636CEF /* [CP] Check Pods Manifest.lock */ = {
			isa = PBXShellScriptBuildPhase;
			buildActionMask = 2147483647;
			files = (
			);
			inputPaths = (
				"${PODS_PODFILE_DIR_PATH}/Podfile.lock",
				"${PODS_ROOT}/Manifest.lock",
			);
			name = "[CP] Check Pods Manifest.lock";
			outputPaths = (
				"$(DERIVED_FILE_DIR)/Pods-QuSnap-checkManifestLockResult.txt",
			);
			runOnlyForDeploymentPostprocessing = 0;
			shellPath = /bin/sh;
			shellScript = "diff \"${PODS_PODFILE_DIR_PATH}/Podfile.lock\" \"${PODS_ROOT}/Manifest.lock\" > /dev/null\nif [ $? != 0 ] ; then\n    # print error to STDERR\n    echo \"error: The sandbox is not in sync with the Podfile.lock. Run 'pod install' or update your CocoaPods installation.\" >&2\n    exit 1\nfi\n# This output is used by Xcode 'outputs' to avoid re-running this script phase.\necho \"SUCCESS\" > \"${SCRIPT_OUTPUT_FILE_0}\"\n";
			showEnvVarsInLog = 0;
		};
/* End PBXShellScriptBuildPhase section */

/* Begin PBXSourcesBuildPhase section */
		2C9F0A95208D653300DD7F3C /* Sources */ = {
			isa = PBXSourcesBuildPhase;
			buildActionMask = 2147483647;
			files = (
				2C9F0AAC208D653300DD7F3C /* main.m in Sources */,
				2C9F0A9E208D653300DD7F3C /* AppDelegate.m in Sources */,
				2C8815F42097300200EFEE48 /* VerifySessionViewController.m in Sources */,
				2C8815F72097E44400EFEE48 /* HomeTableViewController.m in Sources */,
				2CE00BF9208EA57600EC84E1 /* SignupViewController.m in Sources */,
				2C8815FA2097E48200EFEE48 /* NewSnapViewController.m in Sources */,
				2C1569352099B2C5006E2140 /* PickRecipientTableViewController.m in Sources */,
				2C9F0AB4208D659000DD7F3C /* SplashViewController.m in Sources */,
				2C8815F120921A1500EFEE48 /* LoginViewController.m in Sources */,
			);
			runOnlyForDeploymentPostprocessing = 0;
		};
/* End PBXSourcesBuildPhase section */

/* Begin PBXVariantGroup section */
		2C9F0AA2208D653300DD7F3C /* Main.storyboard */ = {
			isa = PBXVariantGroup;
			children = (
				2C9F0AA3208D653300DD7F3C /* Base */,
			);
			name = Main.storyboard;
			sourceTree = "<group>";
		};
		2C9F0AA7208D653300DD7F3C /* LaunchScreen.storyboard */ = {
			isa = PBXVariantGroup;
			children = (
				2C9F0AA8208D653300DD7F3C /* Base */,
			);
			name = LaunchScreen.storyboard;
			sourceTree = "<group>";
		};
/* End PBXVariantGroup section */

/* Begin XCBuildConfiguration section */
		2C9F0AAD208D653300DD7F3C /* Debug */ = {
			isa = XCBuildConfiguration;
			buildSettings = {
				ALWAYS_SEARCH_USER_PATHS = NO;
				CLANG_ANALYZER_NONNULL = YES;
				CLANG_ANALYZER_NUMBER_OBJECT_CONVERSION = YES_AGGRESSIVE;
				CLANG_CXX_LANGUAGE_STANDARD = "gnu++14";
				CLANG_CXX_LIBRARY = "libc++";
				CLANG_ENABLE_MODULES = YES;
				CLANG_ENABLE_OBJC_ARC = YES;
				CLANG_WARN_BLOCK_CAPTURE_AUTORELEASING = YES;
				CLANG_WARN_BOOL_CONVERSION = YES;
				CLANG_WARN_COMMA = YES;
				CLANG_WARN_CONSTANT_CONVERSION = YES;
				CLANG_WARN_DIRECT_OBJC_ISA_USAGE = YES_ERROR;
				CLANG_WARN_DOCUMENTATION_COMMENTS = YES;
				CLANG_WARN_EMPTY_BODY = YES;
				CLANG_WARN_ENUM_CONVERSION = YES;
				CLANG_WARN_INFINITE_RECURSION = YES;
				CLANG_WARN_INT_CONVERSION = YES;
				CLANG_WARN_NON_LITERAL_NULL_CONVERSION = YES;
				CLANG_WARN_OBJC_LITERAL_CONVERSION = YES;
				CLANG_WARN_OBJC_ROOT_CLASS = YES_ERROR;
				CLANG_WARN_RANGE_LOOP_ANALYSIS = YES;
				CLANG_WARN_STRICT_PROTOTYPES = YES;
				CLANG_WARN_SUSPICIOUS_MOVE = YES;
				CLANG_WARN_UNGUARDED_AVAILABILITY = YES_AGGRESSIVE;
				CLANG_WARN_UNREACHABLE_CODE = YES;
				CLANG_WARN__DUPLICATE_METHOD_MATCH = YES;
				CODE_SIGN_IDENTITY = "iPhone Developer";
				COPY_PHASE_STRIP = NO;
				DEBUG_INFORMATION_FORMAT = dwarf;
				ENABLE_STRICT_OBJC_MSGSEND = YES;
				ENABLE_TESTABILITY = YES;
				GCC_C_LANGUAGE_STANDARD = gnu11;
				GCC_DYNAMIC_NO_PIC = NO;
				GCC_NO_COMMON_BLOCKS = YES;
				GCC_OPTIMIZATION_LEVEL = 0;
				GCC_PREPROCESSOR_DEFINITIONS = (
					"DEBUG=1",
					"$(inherited)",
				);
				GCC_WARN_64_TO_32_BIT_CONVERSION = YES;
				GCC_WARN_ABOUT_RETURN_TYPE = YES_ERROR;
				GCC_WARN_UNDECLARED_SELECTOR = YES;
				GCC_WARN_UNINITIALIZED_AUTOS = YES_AGGRESSIVE;
				GCC_WARN_UNUSED_FUNCTION = YES;
				GCC_WARN_UNUSED_VARIABLE = YES;
				IPHONEOS_DEPLOYMENT_TARGET = 11.2;
				MTL_ENABLE_DEBUG_INFO = YES;
				ONLY_ACTIVE_ARCH = YES;
				SDKROOT = iphoneos;
			};
			name = Debug;
		};
		2C9F0AAE208D653300DD7F3C /* Release */ = {
			isa = XCBuildConfiguration;
			buildSettings = {
				ALWAYS_SEARCH_USER_PATHS = NO;
				CLANG_ANALYZER_NONNULL = YES;
				CLANG_ANALYZER_NUMBER_OBJECT_CONVERSION = YES_AGGRESSIVE;
				CLANG_CXX_LANGUAGE_STANDARD = "gnu++14";
				CLANG_CXX_LIBRARY = "libc++";
				CLANG_ENABLE_MODULES = YES;
				CLANG_ENABLE_OBJC_ARC = YES;
				CLANG_WARN_BLOCK_CAPTURE_AUTORELEASING = YES;
				CLANG_WARN_BOOL_CONVERSION = YES;
				CLANG_WARN_COMMA = YES;
				CLANG_WARN_CONSTANT_CONVERSION = YES;
				CLANG_WARN_DIRECT_OBJC_ISA_USAGE = YES_ERROR;
				CLANG_WARN_DOCUMENTATION_COMMENTS = YES;
				CLANG_WARN_EMPTY_BODY = YES;
				CLANG_WARN_ENUM_CONVERSION = YES;
				CLANG_WARN_INFINITE_RECURSION = YES;
				CLANG_WARN_INT_CONVERSION = YES;
				CLANG_WARN_NON_LITERAL_NULL_CONVERSION = YES;
				CLANG_WARN_OBJC_LITERAL_CONVERSION = YES;
				CLANG_WARN_OBJC_ROOT_CLASS = YES_ERROR;
				CLANG_WARN_RANGE_LOOP_ANALYSIS = YES;
				CLANG_WARN_STRICT_PROTOTYPES = YES;
				CLANG_WARN_SUSPICIOUS_MOVE = YES;
				CLANG_WARN_UNGUARDED_AVAILABILITY = YES_AGGRESSIVE;
				CLANG_WARN_UNREACHABLE_CODE = YES;
				CLANG_WARN__DUPLICATE_METHOD_MATCH = YES;
				CODE_SIGN_IDENTITY = "iPhone Developer";
				COPY_PHASE_STRIP = NO;
				DEBUG_INFORMATION_FORMAT = "dwarf-with-dsym";
				ENABLE_NS_ASSERTIONS = NO;
				ENABLE_STRICT_OBJC_MSGSEND = YES;
				GCC_C_LANGUAGE_STANDARD = gnu11;
				GCC_NO_COMMON_BLOCKS = YES;
				GCC_WARN_64_TO_32_BIT_CONVERSION = YES;
				GCC_WARN_ABOUT_RETURN_TYPE = YES_ERROR;
				GCC_WARN_UNDECLARED_SELECTOR = YES;
				GCC_WARN_UNINITIALIZED_AUTOS = YES_AGGRESSIVE;
				GCC_WARN_UNUSED_FUNCTION = YES;
				GCC_WARN_UNUSED_VARIABLE = YES;
				IPHONEOS_DEPLOYMENT_TARGET = 11.2;
				MTL_ENABLE_DEBUG_INFO = NO;
				SDKROOT = iphoneos;
				VALIDATE_PRODUCT = YES;
			};
			name = Release;
		};
		2C9F0AB0208D653300DD7F3C /* Debug */ = {
			isa = XCBuildConfiguration;
			baseConfigurationReference = 810A48FC4437C7BD27A195CF /* Pods-QuSnap.debug.xcconfig */;
			buildSettings = {
				ASSETCATALOG_COMPILER_APPICON_NAME = AppIcon;
				CODE_SIGN_STYLE = Automatic;
				DEVELOPMENT_TEAM = C2JM7XLS3M;
				INFOPLIST_FILE = QuSnap/Info.plist;
				LD_RUNPATH_SEARCH_PATHS = "$(inherited) @executable_path/Frameworks";
				PRODUCT_BUNDLE_IDENTIFIER = com.hugosantos.QuSnap;
				PRODUCT_NAME = "$(TARGET_NAME)";
				TARGETED_DEVICE_FAMILY = "1,2";
			};
			name = Debug;
		};
		2C9F0AB1208D653300DD7F3C /* Release */ = {
			isa = XCBuildConfiguration;
			baseConfigurationReference = 5BFE0B54373FEBAAF8529965 /* Pods-QuSnap.release.xcconfig */;
			buildSettings = {
				ASSETCATALOG_COMPILER_APPICON_NAME = AppIcon;
				CODE_SIGN_STYLE = Automatic;
				DEVELOPMENT_TEAM = C2JM7XLS3M;
				INFOPLIST_FILE = QuSnap/Info.plist;
				LD_RUNPATH_SEARCH_PATHS = "$(inherited) @executable_path/Frameworks";
				PRODUCT_BUNDLE_IDENTIFIER = com.hugosantos.QuSnap;
				PRODUCT_NAME = "$(TARGET_NAME)";
				TARGETED_DEVICE_FAMILY = "1,2";
			};
			name = Release;
		};
/* End XCBuildConfiguration section */

/* Begin XCConfigurationList section */
		2C9F0A94208D653300DD7F3C /* Build configuration list for PBXProject "QuSnap" */ = {
			isa = XCConfigurationList;
			buildConfigurations = (
				2C9F0AAD208D653300DD7F3C /* Debug */,
				2C9F0AAE208D653300DD7F3C /* Release */,
			);
			defaultConfigurationIsVisible = 0;
			defaultConfigurationName = Release;
		};
		2C9F0AAF208D653300DD7F3C /* Build configuration list for PBXNativeTarget "QuSnap" */ = {
			isa = XCConfigurationList;
			buildConfigurations = (
				2C9F0AB0208D653300DD7F3C /* Debug */,
				2C9F0AB1208D653300DD7F3C /* Release */,
			);
			defaultConfigurationIsVisible = 0;
			defaultConfigurationName = Release;
		};
/* End XCConfigurationList section */
	};
	rootObject = 2C9F0A91208D653300DD7F3C /* Project object */;
}
